// !$*UTF8*$!
{
	archiveVersion = 1;
	classes = {
	};
	objectVersion = 46;
	objects = {

/* Begin PBXBuildFile section */
		931B01551C597C0F004E9000 /* main.m in Sources */ = {isa = PBXBuildFile; fileRef = 931B01541C597C0F004E9000 /* main.m */; };
		931B01581C597C0F004E9000 /* AppDelegate.m in Sources */ = {isa = PBXBuildFile; fileRef = 931B01571C597C0F004E9000 /* AppDelegate.m */; };
		931B015B1C597C0F004E9000 /* CPViewController.m in Sources */ = {isa = PBXBuildFile; fileRef = 931B015A1C597C0F004E9000 /* CPViewController.m */; };
		931B015E1C597C0F004E9000 /* Main.storyboard in Resources */ = {isa = PBXBuildFile; fileRef = 931B015C1C597C0F004E9000 /* Main.storyboard */; };
		931B01601C597C0F004E9000 /* Assets.xcassets in Resources */ = {isa = PBXBuildFile; fileRef = 931B015F1C597C0F004E9000 /* Assets.xcassets */; };
		931B01631C597C0F004E9000 /* LaunchScreen.storyboard in Resources */ = {isa = PBXBuildFile; fileRef = 931B01611C597C0F004E9000 /* LaunchScreen.storyboard */; };
		931B016E1C597C10004E9000 /* CrimePatrolTests.m in Sources */ = {isa = PBXBuildFile; fileRef = 931B016D1C597C10004E9000 /* CrimePatrolTests.m */; };
		931B017D1C5984B7004E9000 /* CPCrimeListDataManager.m in Sources */ = {isa = PBXBuildFile; fileRef = 931B017C1C5984B7004E9000 /* CPCrimeListDataManager.m */; };
		931B01831C599BB5004E9000 /* CPCrimeInfo.m in Sources */ = {isa = PBXBuildFile; fileRef = 931B01821C599BB5004E9000 /* CPCrimeInfo.m */; };
		93FE67B61C59CCA80025B282 /* CPModelStrings.m in Sources */ = {isa = PBXBuildFile; fileRef = 93FE67B51C59CCA80025B282 /* CPModelStrings.m */; };
/* End PBXBuildFile section */

/* Begin PBXContainerItemProxy section */
		931B016A1C597C10004E9000 /* PBXContainerItemProxy */ = {
			isa = PBXContainerItemProxy;
			containerPortal = 931B01481C597C0F004E9000 /* Project object */;
			proxyType = 1;
			remoteGlobalIDString = 931B014F1C597C0F004E9000;
			remoteInfo = CrimePatrol;
		};
/* End PBXContainerItemProxy section */

/* Begin PBXFileReference section */
		931B01501C597C0F004E9000 /* CrimePatrol.app */ = {isa = PBXFileReference; explicitFileType = wrapper.application; includeInIndex = 0; path = CrimePatrol.app; sourceTree = BUILT_PRODUCTS_DIR; };
		931B01541C597C0F004E9000 /* main.m */ = {isa = PBXFileReference; lastKnownFileType = sourcecode.c.objc; path = main.m; sourceTree = "<group>"; };
		931B01561C597C0F004E9000 /* AppDelegate.h */ = {isa = PBXFileReference; lastKnownFileType = sourcecode.c.h; path = AppDelegate.h; sourceTree = "<group>"; };
		931B01571C597C0F004E9000 /* AppDelegate.m */ = {isa = PBXFileReference; lastKnownFileType = sourcecode.c.objc; path = AppDelegate.m; sourceTree = "<group>"; };
		931B01591C597C0F004E9000 /* CPViewController.h */ = {isa = PBXFileReference; lastKnownFileType = sourcecode.c.h; path = CPViewController.h; sourceTree = "<group>"; };
		931B015A1C597C0F004E9000 /* CPViewController.m */ = {isa = PBXFileReference; lastKnownFileType = sourcecode.c.objc; path = CPViewController.m; sourceTree = "<group>"; };
		931B015D1C597C0F004E9000 /* Base */ = {isa = PBXFileReference; lastKnownFileType = file.storyboard; name = Base; path = Base.lproj/Main.storyboard; sourceTree = "<group>"; };
		931B015F1C597C0F004E9000 /* Assets.xcassets */ = {isa = PBXFileReference; lastKnownFileType = folder.assetcatalog; path = Assets.xcassets; sourceTree = "<group>"; };
		931B01621C597C0F004E9000 /* Base */ = {isa = PBXFileReference; lastKnownFileType = file.storyboard; name = Base; path = Base.lproj/LaunchScreen.storyboard; sourceTree = "<group>"; };
		931B01641C597C0F004E9000 /* Info.plist */ = {isa = PBXFileReference; lastKnownFileType = text.plist.xml; path = Info.plist; sourceTree = "<group>"; };
		931B01691C597C10004E9000 /* CrimePatrolTests.xctest */ = {isa = PBXFileReference; explicitFileType = wrapper.cfbundle; includeInIndex = 0; path = CrimePatrolTests.xctest; sourceTree = BUILT_PRODUCTS_DIR; };
		931B016D1C597C10004E9000 /* CrimePatrolTests.m */ = {isa = PBXFileReference; lastKnownFileType = sourcecode.c.objc; path = CrimePatrolTests.m; sourceTree = "<group>"; };
		931B016F1C597C10004E9000 /* Info.plist */ = {isa = PBXFileReference; lastKnownFileType = text.plist.xml; path = Info.plist; sourceTree = "<group>"; };
		931B017B1C5984B7004E9000 /* CPCrimeListDataManager.h */ = {isa = PBXFileReference; fileEncoding = 4; lastKnownFileType = sourcecode.c.h; path = CPCrimeListDataManager.h; sourceTree = "<group>"; };
		931B017C1C5984B7004E9000 /* CPCrimeListDataManager.m */ = {isa = PBXFileReference; fileEncoding = 4; lastKnownFileType = sourcecode.c.objc; path = CPCrimeListDataManager.m; sourceTree = "<group>"; };
		931B017E1C598504004E9000 /* CPDataManagerDelegate.h */ = {isa = PBXFileReference; fileEncoding = 4; lastKnownFileType = sourcecode.c.h; path = CPDataManagerDelegate.h; sourceTree = "<group>"; };
		931B01811C599BB5004E9000 /* CPCrimeInfo.h */ = {isa = PBXFileReference; fileEncoding = 4; lastKnownFileType = sourcecode.c.h; path = CPCrimeInfo.h; sourceTree = "<group>"; };
		931B01821C599BB5004E9000 /* CPCrimeInfo.m */ = {isa = PBXFileReference; fileEncoding = 4; lastKnownFileType = sourcecode.c.objc; path = CPCrimeInfo.m; sourceTree = "<group>"; };
		93FE67B41C59CCA80025B282 /* CPModelStrings.h */ = {isa = PBXFileReference; fileEncoding = 4; lastKnownFileType = sourcecode.c.h; path = CPModelStrings.h; sourceTree = "<group>"; };
		93FE67B51C59CCA80025B282 /* CPModelStrings.m */ = {isa = PBXFileReference; fileEncoding = 4; lastKnownFileType = sourcecode.c.objc; path = CPModelStrings.m; sourceTree = "<group>"; };
/* End PBXFileReference section */

/* Begin PBXFrameworksBuildPhase section */
		931B014D1C597C0F004E9000 /* Frameworks */ = {
			isa = PBXFrameworksBuildPhase;
			buildActionMask = 2147483647;
			files = (
			);
			runOnlyForDeploymentPostprocessing = 0;
		};
		931B01661C597C10004E9000 /* Frameworks */ = {
			isa = PBXFrameworksBuildPhase;
			buildActionMask = 2147483647;
			files = (
			);
			runOnlyForDeploymentPostprocessing = 0;
		};
/* End PBXFrameworksBuildPhase section */

/* Begin PBXGroup section */
		931B01471C597C0F004E9000 = {
			isa = PBXGroup;
			children = (
				931B01521C597C0F004E9000 /* CrimePatrol */,
				931B016C1C597C10004E9000 /* CrimePatrolTests */,
				931B01511C597C0F004E9000 /* Products */,
			);
			sourceTree = "<group>";
		};
		931B01511C597C0F004E9000 /* Products */ = {
			isa = PBXGroup;
			children = (
				931B01501C597C0F004E9000 /* CrimePatrol.app */,
				931B01691C597C10004E9000 /* CrimePatrolTests.xctest */,
			);
			name = Products;
			sourceTree = "<group>";
		};
		931B01521C597C0F004E9000 /* CrimePatrol */ = {
			isa = PBXGroup;
			children = (
				931B01561C597C0F004E9000 /* AppDelegate.h */,
				931B01571C597C0F004E9000 /* AppDelegate.m */,
				931B01801C599B67004E9000 /* Models */,
				931B017F1C5989CD004E9000 /* Utils */,
				931B017A1C59846B004E9000 /* Data Manager */,
				931B01781C597E3D004E9000 /* ViewController */,
				931B015C1C597C0F004E9000 /* Main.storyboard */,
				931B015F1C597C0F004E9000 /* Assets.xcassets */,
				931B01641C597C0F004E9000 /* Info.plist */,
				931B01531C597C0F004E9000 /* Supporting Files */,
			);
			path = CrimePatrol;
			sourceTree = "<group>";
		};
		931B01531C597C0F004E9000 /* Supporting Files */ = {
			isa = PBXGroup;
			children = (
				931B01611C597C0F004E9000 /* LaunchScreen.storyboard */,
				931B01541C597C0F004E9000 /* main.m */,
			);
			name = "Supporting Files";
			sourceTree = "<group>";
		};
		931B016C1C597C10004E9000 /* CrimePatrolTests */ = {
			isa = PBXGroup;
			children = (
				931B016D1C597C10004E9000 /* CrimePatrolTests.m */,
				931B016F1C597C10004E9000 /* Info.plist */,
			);
			path = CrimePatrolTests;
			sourceTree = "<group>";
		};
		931B01781C597E3D004E9000 /* ViewController */ = {
			isa = PBXGroup;
			children = (
				931B01591C597C0F004E9000 /* CPViewController.h */,
				931B015A1C597C0F004E9000 /* CPViewController.m */,
			);
			name = ViewController;
			sourceTree = "<group>";
		};
		931B017A1C59846B004E9000 /* Data Manager */ = {
			isa = PBXGroup;
			children = (
				931B017E1C598504004E9000 /* CPDataManagerDelegate.h */,
				931B017B1C5984B7004E9000 /* CPCrimeListDataManager.h */,
				931B017C1C5984B7004E9000 /* CPCrimeListDataManager.m */,
			);
			name = "Data Manager";
			sourceTree = "<group>";
		};
		931B017F1C5989CD004E9000 /* Utils */ = {
			isa = PBXGroup;
			children = (
				93FE67B41C59CCA80025B282 /* CPModelStrings.h */,
				93FE67B51C59CCA80025B282 /* CPModelStrings.m */,
			);
			name = Utils;
			sourceTree = "<group>";
		};
		931B01801C599B67004E9000 /* Models */ = {
			isa = PBXGroup;
			children = (
				931B01811C599BB5004E9000 /* CPCrimeInfo.h */,
				931B01821C599BB5004E9000 /* CPCrimeInfo.m */,
			);
			name = Models;
			sourceTree = "<group>";
		};
/* End PBXGroup section */

/* Begin PBXNativeTarget section */
		931B014F1C597C0F004E9000 /* CrimePatrol */ = {
			isa = PBXNativeTarget;
			buildConfigurationList = 931B01721C597C10004E9000 /* Build configuration list for PBXNativeTarget "CrimePatrol" */;
			buildPhases = (
				931B014C1C597C0F004E9000 /* Sources */,
				931B014D1C597C0F004E9000 /* Frameworks */,
				931B014E1C597C0F004E9000 /* Resources */,
			);
			buildRules = (
			);
			dependencies = (
			);
			name = CrimePatrol;
			productName = CrimePatrol;
			productReference = 931B01501C597C0F004E9000 /* CrimePatrol.app */;
			productType = "com.apple.product-type.application";
		};
		931B01681C597C10004E9000 /* CrimePatrolTests */ = {
			isa = PBXNativeTarget;
			buildConfigurationList = 931B01751C597C10004E9000 /* Build configuration list for PBXNativeTarget "CrimePatrolTests" */;
			buildPhases = (
				931B01651C597C10004E9000 /* Sources */,
				931B01661C597C10004E9000 /* Frameworks */,
				931B01671C597C10004E9000 /* Resources */,
			);
			buildRules = (
			);
			dependencies = (
				931B016B1C597C10004E9000 /* PBXTargetDependency */,
			);
			name = CrimePatrolTests;
			productName = CrimePatrolTests;
			productReference = 931B01691C597C10004E9000 /* CrimePatrolTests.xctest */;
			productType = "com.apple.product-type.bundle.unit-test";
		};
/* End PBXNativeTarget section */

/* Begin PBXProject section */
		931B01481C597C0F004E9000 /* Project object */ = {
			isa = PBXProject;
			attributes = {
				CLASSPREFIX = CP;
				LastUpgradeCheck = 0720;
				ORGANIZATIONNAME = "Dhwanil Karwa";
				TargetAttributes = {
					931B014F1C597C0F004E9000 = {
						CreatedOnToolsVersion = 7.2;
						DevelopmentTeam = 97F7ZA32W8;
					};
					931B01681C597C10004E9000 = {
						CreatedOnToolsVersion = 7.2;
						DevelopmentTeam = 97F7ZA32W8;
						TestTargetID = 931B014F1C597C0F004E9000;
					};
				};
			};
			buildConfigurationList = 931B014B1C597C0F004E9000 /* Build configuration list for PBXProject "CrimePatrol" */;
			compatibilityVersion = "Xcode 3.2";
			developmentRegion = English;
			hasScannedForEncodings = 0;
			knownRegions = (
				en,
				Base,
			);
			mainGroup = 931B01471C597C0F004E9000;
			productRefGroup = 931B01511C597C0F004E9000 /* Products */;
			projectDirPath = "";
			projectRoot = "";
			targets = (
				931B014F1C597C0F004E9000 /* CrimePatrol */,
				931B01681C597C10004E9000 /* CrimePatrolTests */,
			);
		};
/* End PBXProject section */

/* Begin PBXResourcesBuildPhase section */
		931B014E1C597C0F004E9000 /* Resources */ = {
			isa = PBXResourcesBuildPhase;
			buildActionMask = 2147483647;
			files = (
				931B01631C597C0F004E9000 /* LaunchScreen.storyboard in Resources */,
				931B01601C597C0F004E9000 /* Assets.xcassets in Resources */,
				931B015E1C597C0F004E9000 /* Main.storyboard in Resources */,
			);
			runOnlyForDeploymentPostprocessing = 0;
		};
		931B01671C597C10004E9000 /* Resources */ = {
			isa = PBXResourcesBuildPhase;
			buildActionMask = 2147483647;
			files = (
			);
			runOnlyForDeploymentPostprocessing = 0;
		};
/* End PBXResourcesBuildPhase section */

/* Begin PBXSourcesBuildPhase section */
		931B014C1C597C0F004E9000 /* Sources */ = {
			isa = PBXSourcesBuildPhase;
			buildActionMask = 2147483647;
			files = (
				931B01831C599BB5004E9000 /* CPCrimeInfo.m in Sources */,
				931B015B1C597C0F004E9000 /* CPViewController.m in Sources */,
				931B01581C597C0F004E9000 /* AppDelegate.m in Sources */,
				931B01551C597C0F004E9000 /* main.m in Sources */,
				931B017D1C5984B7004E9000 /* CPCrimeListDataManager.m in Sources */,
				93FE67B61C59CCA80025B282 /* CPModelStrings.m in Sources */,
			);
			runOnlyForDeploymentPostprocessing = 0;
		};
		931B01651C597C10004E9000 /* Sources */ = {
			isa = PBXSourcesBuildPhase;
			buildActionMask = 2147483647;
			files = (
				931B016E1C597C10004E9000 /* CrimePatrolTests.m in Sources */,
			);
			runOnlyForDeploymentPostprocessing = 0;
		};
/* End PBXSourcesBuildPhase section */

/* Begin PBXTargetDependency section */
		931B016B1C597C10004E9000 /* PBXTargetDependency */ = {
			isa = PBXTargetDependency;
			target = 931B014F1C597C0F004E9000 /* CrimePatrol */;
			targetProxy = 931B016A1C597C10004E9000 /* PBXContainerItemProxy */;
		};
/* End PBXTargetDependency section */

/* Begin PBXVariantGroup section */
		931B015C1C597C0F004E9000 /* Main.storyboard */ = {
			isa = PBXVariantGroup;
			children = (
				931B015D1C597C0F004E9000 /* Base */,
			);
			name = Main.storyboard;
			sourceTree = "<group>";
		};
		931B01611C597C0F004E9000 /* LaunchScreen.storyboard */ = {
			isa = PBXVariantGroup;
			children = (
				931B01621C597C0F004E9000 /* Base */,
			);
			name = LaunchScreen.storyboard;
			sourceTree = "<group>";
		};
/* End PBXVariantGroup section */

/* Begin XCBuildConfiguration section */
		931B01701C597C10004E9000 /* Debug */ = {
			isa = XCBuildConfiguration;
			buildSettings = {
				ALWAYS_SEARCH_USER_PATHS = NO;
				CLANG_CXX_LANGUAGE_STANDARD = "gnu++0x";
				CLANG_CXX_LIBRARY = "libc++";
				CLANG_ENABLE_MODULES = YES;
				CLANG_ENABLE_OBJC_ARC = YES;
				CLANG_WARN_BOOL_CONVERSION = YES;
				CLANG_WARN_CONSTANT_CONVERSION = YES;
				CLANG_WARN_DIRECT_OBJC_ISA_USAGE = YES_ERROR;
				CLANG_WARN_EMPTY_BODY = YES;
				CLANG_WARN_ENUM_CONVERSION = YES;
				CLANG_WARN_INT_CONVERSION = YES;
				CLANG_WARN_OBJC_ROOT_CLASS = YES_ERROR;
				CLANG_WARN_UNREACHABLE_CODE = YES;
				CLANG_WARN__DUPLICATE_METHOD_MATCH = YES;
				"CODE_SIGN_IDENTITY[sdk=iphoneos*]" = "iPhone Developer";
				COPY_PHASE_STRIP = NO;
				DEBUG_INFORMATION_FORMAT = dwarf;
				ENABLE_STRICT_OBJC_MSGSEND = YES;
				ENABLE_TESTABILITY = YES;
				GCC_C_LANGUAGE_STANDARD = gnu99;
				GCC_DYNAMIC_NO_PIC = NO;
				GCC_NO_COMMON_BLOCKS = YES;
				GCC_OPTIMIZATION_LEVEL = 0;
				GCC_PREPROCESSOR_DEFINITIONS = (
					"DEBUG=1",
					"$(inherited)",
				);
				GCC_WARN_64_TO_32_BIT_CONVERSION = YES;
				GCC_WARN_ABOUT_RETURN_TYPE = YES_ERROR;
				GCC_WARN_UNDECLARED_SELECTOR = YES;
				GCC_WARN_UNINITIALIZED_AUTOS = YES_AGGRESSIVE;
				GCC_WARN_UNUSED_FUNCTION = YES;
				GCC_WARN_UNUSED_VARIABLE = YES;
				IPHONEOS_DEPLOYMENT_TARGET = 9.2;
				MTL_ENABLE_DEBUG_INFO = YES;
				ONLY_ACTIVE_ARCH = YES;
				SDKROOT = iphoneos;
				TARGETED_DEVICE_FAMILY = "1,2";
			};
			name = Debug;
		};
		931B01711C597C10004E9000 /* Release */ = {
			isa = XCBuildConfiguration;
			buildSettings = {
				ALWAYS_SEARCH_USER_PATHS = NO;
				CLANG_CXX_LANGUAGE_STANDARD = "gnu++0x";
				CLANG_CXX_LIBRARY = "libc++";
				CLANG_ENABLE_MODULES = YES;
				CLANG_ENABLE_OBJC_ARC = YES;
				CLANG_WARN_BOOL_CONVERSION = YES;
				CLANG_WARN_CONSTANT_CONVERSION = YES;
				CLANG_WARN_DIRECT_OBJC_ISA_USAGE = YES_ERROR;
				CLANG_WARN_EMPTY_BODY = YES;
				CLANG_WARN_ENUM_CONVERSION = YES;
				CLANG_WARN_INT_CONVERSION = YES;
				CLANG_WARN_OBJC_ROOT_CLASS = YES_ERROR;
				CLANG_WARN_UNREACHABLE_CODE = YES;
				CLANG_WARN__DUPLICATE_METHOD_MATCH = YES;
				"CODE_SIGN_IDENTITY[sdk=iphoneos*]" = "iPhone Developer";
				COPY_PHASE_STRIP = NO;
				DEBUG_INFORMATION_FORMAT = "dwarf-with-dsym";
				ENABLE_NS_ASSERTIONS = NO;
				ENABLE_STRICT_OBJC_MSGSEND = YES;
				GCC_C_LANGUAGE_STANDARD = gnu99;
				GCC_NO_COMMON_BLOCKS = YES;
				GCC_WARN_64_TO_32_BIT_CONVERSION = YES;
				GCC_WARN_ABOUT_RETURN_TYPE = YES_ERROR;
				GCC_WARN_UNDECLARED_SELECTOR = YES;
				GCC_WARN_UNINITIALIZED_AUTOS = YES_AGGRESSIVE;
				GCC_WARN_UNUSED_FUNCTION = YES;
				GCC_WARN_UNUSED_VARIABLE = YES;
				IPHONEOS_DEPLOYMENT_TARGET = 9.2;
				MTL_ENABLE_DEBUG_INFO = NO;
				SDKROOT = iphoneos;
				TARGETED_DEVICE_FAMILY = "1,2";
				VALIDATE_PRODUCT = YES;
			};
			name = Release;
		};
		931B01731C597C10004E9000 /* Debug */ = {
			isa = XCBuildConfiguration;
			buildSettings = {
				ASSETCATALOG_COMPILER_APPICON_NAME = AppIcon;
				INFOPLIST_FILE = CrimePatrol/Info.plist;
				LD_RUNPATH_SEARCH_PATHS = "$(inherited) @executable_path/Frameworks";
				PRODUCT_BUNDLE_IDENTIFIER = com.dhwanil.CrimePatrol;
				PRODUCT_NAME = "$(TARGET_NAME)";
			};
			name = Debug;
		};
		931B01741C597C10004E9000 /* Release */ = {
			isa = XCBuildConfiguration;
			buildSettings = {
				ASSETCATALOG_COMPILER_APPICON_NAME = AppIcon;
				INFOPLIST_FILE = CrimePatrol/Info.plist;
				LD_RUNPATH_SEARCH_PATHS = "$(inherited) @executable_path/Frameworks";
				PRODUCT_BUNDLE_IDENTIFIER = com.dhwanil.CrimePatrol;
				PRODUCT_NAME = "$(TARGET_NAME)";
			};
			name = Release;
		};
		931B01761C597C10004E9000 /* Debug */ = {
			isa = XCBuildConfiguration;
			buildSettings = {
				BUNDLE_LOADER = "$(TEST_HOST)";
				INFOPLIST_FILE = CrimePatrolTests/Info.plist;
				LD_RUNPATH_SEARCH_PATHS = "$(inherited) @executable_path/Frameworks @loader_path/Frameworks";
				PRODUCT_BUNDLE_IDENTIFIER = com.dhwanil.CrimePatrolTests;
				PRODUCT_NAME = "$(TARGET_NAME)";
				TEST_HOST = "$(BUILT_PRODUCTS_DIR)/CrimePatrol.app/CrimePatrol";
			};
			name = Debug;
		};
		931B01771C597C10004E9000 /* Release */ = {
			isa = XCBuildConfiguration;
			buildSettings = {
				BUNDLE_LOADER = "$(TEST_HOST)";
				INFOPLIST_FILE = CrimePatrolTests/Info.plist;
				LD_RUNPATH_SEARCH_PATHS = "$(inherited) @executable_path/Frameworks @loader_path/Frameworks";
				PRODUCT_BUNDLE_IDENTIFIER = com.dhwanil.CrimePatrolTests;
				PRODUCT_NAME = "$(TARGET_NAME)";
				TEST_HOST = "$(BUILT_PRODUCTS_DIR)/CrimePatrol.app/CrimePatrol";
			};
			name = Release;
		};
/* End XCBuildConfiguration section */

/* Begin XCConfigurationList section */
		931B014B1C597C0F004E9000 /* Build configuration list for PBXProject "CrimePatrol" */ = {
			isa = XCConfigurationList;
			buildConfigurations = (
				931B01701C597C10004E9000 /* Debug */,
				931B01711C597C10004E9000 /* Release */,
			);
			defaultConfigurationIsVisible = 0;
			defaultConfigurationName = Release;
		};
		931B01721C597C10004E9000 /* Build configuration list for PBXNativeTarget "CrimePatrol" */ = {
			isa = XCConfigurationList;
			buildConfigurations = (
				931B01731C597C10004E9000 /* Debug */,
				931B01741C597C10004E9000 /* Release */,
			);
			defaultConfigurationIsVisible = 0;
			defaultConfigurationName = Release;
		};
		931B01751C597C10004E9000 /* Build configuration list for PBXNativeTarget "CrimePatrolTests" */ = {
			isa = XCConfigurationList;
			buildConfigurations = (
				931B01761C597C10004E9000 /* Debug */,
				931B01771C597C10004E9000 /* Release */,
			);
			defaultConfigurationIsVisible = 0;
			defaultConfigurationName = Release;
		};
/* End XCConfigurationList section */
	};
	rootObject = 931B01481C597C0F004E9000 /* Project object */;
}
